
Microsoft Visual Studio Solution File, Format Version 12.00
# Visual Studio Version 17
VisualStudioVersion = 17.8.34322.80
MinimumVisualStudioVersion = 10.0.40219.1
Project("{9A19103F-16F7-4668-BE54-9A1E7A4F7556}") = "Core", "Core\Core.csproj", "{005E1D4A-9EAE-4A75-BC4E-7B4CAB5E25FC}"
EndProject
Project("{FAE04EC0-301F-11D3-BF4B-00C04F79EFBC}") = "Producer", "Producer\Producer.csproj", "{680D93C7-DB0C-4B6C-BA0C-E40FE879F393}"
EndProject
Global
	GlobalSection(SolutionConfigurationPlatforms) = preSolution
		Debug|Any CPU = Debug|Any CPU
		Release|Any CPU = Release|Any CPU
	EndGlobalSection
	GlobalSection(ProjectConfigurationPlatforms) = postSolution
		{005E1D4A-9EAE-4A75-BC4E-7B4CAB5E25FC}.Debug|Any CPU.ActiveCfg = Debug|Any CPU
		{005E1D4A-9EAE-4A75-BC4E-7B4CAB5E25FC}.Debug|Any CPU.Build.0 = Debug|Any CPU
		{005E1D4A-9EAE-4A75-BC4E-7B4CAB5E25FC}.Release|Any CPU.ActiveCfg = Release|Any CPU
		{005E1D4A-9EAE-4A75-BC4E-7B4CAB5E25FC}.Release|Any CPU.Build.0 = Release|Any CPU
		{680D93C7-DB0C-4B6C-BA0C-E40FE879F393}.Debug|Any CPU.ActiveCfg = Debug|Any CPU
		{680D93C7-DB0C-4B6C-BA0C-E40FE879F393}.Debug|Any CPU.Build.0 = Debug|Any CPU
		{680D93C7-DB0C-4B6C-BA0C-E40FE879F393}.Release|Any CPU.ActiveCfg = Release|Any CPU
		{680D93C7-DB0C-4B6C-BA0C-E40FE879F393}.Release|Any CPU.Build.0 = Release|Any CPU
	EndGlobalSection
	GlobalSection(SolutionProperties) = preSolution
		HideSolutionNode = FALSE
	EndGlobalSection
	GlobalSection(ExtensibilityGlobals) = postSolution
		SolutionGuid = {33E19F7E-72F9-4B3E-BBA3-9D044BF539CA}
	EndGlobalSection
EndGlobal
